
Microsoft Visual Studio Solution File, Format Version 12.00
# Visual Studio Version 17
VisualStudioVersion = 17.0.32112.339
MinimumVisualStudioVersion = 10.0.40219.1
Project("{FAE04EC0-301F-11D3-BF4B-00C04F79EFBC}") = "WFA_maintask", "WFA_maintask\WFA_maintask.csproj", "{8488E5D8-5C35-4373-BADC-8B291E74A54F}"
EndProject
Project("{FAE04EC0-301F-11D3-BF4B-00C04F79EFBC}") = "WPF_maintask", "WPF_maintask\WPF_maintask.csproj", "{035524D6-A404-4C5B-A950-FA6C42AA3FC9}"
EndProject
Global
	GlobalSection(SolutionConfigurationPlatforms) = preSolution
		Debug|Any CPU = Debug|Any CPU
		Release|Any CPU = Release|Any CPU
	EndGlobalSection
	GlobalSection(ProjectConfigurationPlatforms) = postSolution
		{8488E5D8-5C35-4373-BADC-8B291E74A54F}.Debug|Any CPU.ActiveCfg = Debug|Any CPU
		{8488E5D8-5C35-4373-BADC-8B291E74A54F}.Debug|Any CPU.Build.0 = Debug|Any CPU
		{8488E5D8-5C35-4373-BADC-8B291E74A54F}.Release|Any CPU.ActiveCfg = Release|Any CPU
		{8488E5D8-5C35-4373-BADC-8B291E74A54F}.Release|Any CPU.Build.0 = Release|Any CPU
		{035524D6-A404-4C5B-A950-FA6C42AA3FC9}.Debug|Any CPU.ActiveCfg = Debug|Any CPU
		{035524D6-A404-4C5B-A950-FA6C42AA3FC9}.Debug|Any CPU.Build.0 = Debug|Any CPU
		{035524D6-A404-4C5B-A950-FA6C42AA3FC9}.Release|Any CPU.ActiveCfg = Release|Any CPU
		{035524D6-A404-4C5B-A950-FA6C42AA3FC9}.Release|Any CPU.Build.0 = Release|Any CPU
	EndGlobalSection
	GlobalSection(SolutionProperties) = preSolution
		HideSolutionNode = FALSE
	EndGlobalSection
	GlobalSection(ExtensibilityGlobals) = postSolution
		SolutionGuid = {4EF9A278-7B2D-4413-901B-BE9BD1724022}
	EndGlobalSection
EndGlobal
